dependencies:
- name: postgresql
  repository: https://charts.bitnami.com/bitnami
  version: 11.9.13
- name: redis
  repository: https://helm.lco.global
  version: 10.6.13
digest: sha256:7cbe7657d82c5681472c3a672c37e5c3e25d0e6188c72615852ff5f345e8306f
generated: "2023-04-03T18:31:07.581940675-04:00"
